
Microsoft Visual Studio Solution File, Format Version 12.00
# Visual Studio Version 17
VisualStudioVersion = 17.1.32328.378
MinimumVisualStudioVersion = 10.0.40219.1
Project("{9A19103F-16F7-4668-BE54-9A1E7A4F7556}") = "KISClientConsole", "KISClientConsole\KISClientConsole.csproj", "{6EC848AA-41C8-437A-BAE5-1077046B79E6}"
EndProject
Project("{FAE04EC0-301F-11D3-BF4B-00C04F79EFBC}") = "KISClientLib", "KISClientLib\KISClientLib.csproj", "{D2EF53EB-45EE-4A52-862E-585054EB94B7}"
EndProject
Global
	GlobalSection(SolutionConfigurationPlatforms) = preSolution
		Debug|Any CPU = Debug|Any CPU
		Release|Any CPU = Release|Any CPU
	EndGlobalSection
	GlobalSection(ProjectConfigurationPlatforms) = postSolution
		{6EC848AA-41C8-437A-BAE5-1077046B79E6}.Debug|Any CPU.ActiveCfg = Debug|Any CPU
		{6EC848AA-41C8-437A-BAE5-1077046B79E6}.Debug|Any CPU.Build.0 = Debug|Any CPU
		{6EC848AA-41C8-437A-BAE5-1077046B79E6}.Release|Any CPU.ActiveCfg = Release|Any CPU
		{6EC848AA-41C8-437A-BAE5-1077046B79E6}.Release|Any CPU.Build.0 = Release|Any CPU
		{D2EF53EB-45EE-4A52-862E-585054EB94B7}.Debug|Any CPU.ActiveCfg = Debug|Any CPU
		{D2EF53EB-45EE-4A52-862E-585054EB94B7}.Debug|Any CPU.Build.0 = Debug|Any CPU
		{D2EF53EB-45EE-4A52-862E-585054EB94B7}.Release|Any CPU.ActiveCfg = Release|Any CPU
		{D2EF53EB-45EE-4A52-862E-585054EB94B7}.Release|Any CPU.Build.0 = Release|Any CPU
	EndGlobalSection
	GlobalSection(SolutionProperties) = preSolution
		HideSolutionNode = FALSE
	EndGlobalSection
	GlobalSection(ExtensibilityGlobals) = postSolution
		SolutionGuid = {04BA890C-3EF8-4AC1-AC96-C517619606CB}
	EndGlobalSection
EndGlobal
